// !$*UTF8*$!
{
	archiveVersion = 1;
	classes = {
	};
	objectVersion = 48;
	objects = {

/* Begin PBXBuildFile section */
		5AEDDF0E87CDFDAB62A7DE20 /* Pods_Venue_Search.framework in Frameworks */ = {isa = PBXBuildFile; fileRef = F1FEECE72EF6F446C9AD0CA3 /* Pods_Venue_Search.framework */; };
		E5095790200C7F7400F0EBB2 /* AppDelegate.swift in Sources */ = {isa = PBXBuildFile; fileRef = E509578F200C7F7400F0EBB2 /* AppDelegate.swift */; };
		E5095792200C7F7400F0EBB2 /* MapViewController.swift in Sources */ = {isa = PBXBuildFile; fileRef = E5095791200C7F7400F0EBB2 /* MapViewController.swift */; };
		E5095797200C7F7400F0EBB2 /* Assets.xcassets in Resources */ = {isa = PBXBuildFile; fileRef = E5095796200C7F7400F0EBB2 /* Assets.xcassets */; };
		E509579A200C7F7400F0EBB2 /* LaunchScreen.storyboard in Resources */ = {isa = PBXBuildFile; fileRef = E5095798200C7F7400F0EBB2 /* LaunchScreen.storyboard */; };
		E50957A3200C811100F0EBB2 /* MapKit.framework in Frameworks */ = {isa = PBXBuildFile; fileRef = E50957A2200C810400F0EBB2 /* MapKit.framework */; };
		E50957A5200C8B5700F0EBB2 /* Annotation.swift in Sources */ = {isa = PBXBuildFile; fileRef = E50957A4200C8B5700F0EBB2 /* Annotation.swift */; };
		E50957AF200CA6AF00F0EBB2 /* SearchViewController.swift in Sources */ = {isa = PBXBuildFile; fileRef = E50957AE200CA6AF00F0EBB2 /* SearchViewController.swift */; };
		E50957B1200CB16000F0EBB2 /* VenueCell.swift in Sources */ = {isa = PBXBuildFile; fileRef = E50957B0200CB16000F0EBB2 /* VenueCell.swift */; };
/* End PBXBuildFile section */

/* Begin PBXFileReference section */
		46375786373A008154A6F3A2 /* Pods-Venue Search.release.xcconfig */ = {isa = PBXFileReference; includeInIndex = 1; lastKnownFileType = text.xcconfig; name = "Pods-Venue Search.release.xcconfig"; path = "Pods/Target Support Files/Pods-Venue Search/Pods-Venue Search.release.xcconfig"; sourceTree = "<group>"; };
		E509578C200C7F7400F0EBB2 /* Venue Search.app */ = {isa = PBXFileReference; explicitFileType = wrapper.application; includeInIndex = 0; path = "Venue Search.app"; sourceTree = BUILT_PRODUCTS_DIR; };
		E509578F200C7F7400F0EBB2 /* AppDelegate.swift */ = {isa = PBXFileReference; lastKnownFileType = sourcecode.swift; path = AppDelegate.swift; sourceTree = "<group>"; };
		E5095791200C7F7400F0EBB2 /* MapViewController.swift */ = {isa = PBXFileReference; lastKnownFileType = sourcecode.swift; path = MapViewController.swift; sourceTree = "<group>"; };
		E5095796200C7F7400F0EBB2 /* Assets.xcassets */ = {isa = PBXFileReference; lastKnownFileType = folder.assetcatalog; path = Assets.xcassets; sourceTree = "<group>"; };
		E5095799200C7F7400F0EBB2 /* Base */ = {isa = PBXFileReference; lastKnownFileType = file.storyboard; name = Base; path = Base.lproj/LaunchScreen.storyboard; sourceTree = "<group>"; };
		E509579B200C7F7400F0EBB2 /* Info.plist */ = {isa = PBXFileReference; lastKnownFileType = text.plist.xml; path = Info.plist; sourceTree = "<group>"; };
		E50957A2200C810400F0EBB2 /* MapKit.framework */ = {isa = PBXFileReference; lastKnownFileType = wrapper.framework; name = MapKit.framework; path = System/Library/Frameworks/MapKit.framework; sourceTree = SDKROOT; };
		E50957A4200C8B5700F0EBB2 /* Annotation.swift */ = {isa = PBXFileReference; lastKnownFileType = sourcecode.swift; path = Annotation.swift; sourceTree = "<group>"; };
		E50957AB200C992C00F0EBB2 /* PureLayout.framework */ = {isa = PBXFileReference; explicitFileType = wrapper.framework; path = PureLayout.framework; sourceTree = BUILT_PRODUCTS_DIR; };
		E50957AE200CA6AF00F0EBB2 /* SearchViewController.swift */ = {isa = PBXFileReference; lastKnownFileType = sourcecode.swift; path = SearchViewController.swift; sourceTree = "<group>"; };
		E50957B0200CB16000F0EBB2 /* VenueCell.swift */ = {isa = PBXFileReference; lastKnownFileType = sourcecode.swift; path = VenueCell.swift; sourceTree = "<group>"; };
		F1FEECE72EF6F446C9AD0CA3 /* Pods_Venue_Search.framework */ = {isa = PBXFileReference; explicitFileType = wrapper.framework; includeInIndex = 0; path = Pods_Venue_Search.framework; sourceTree = BUILT_PRODUCTS_DIR; };
		F23458951EFB67F6520BE786 /* Pods-Venue Search.debug.xcconfig */ = {isa = PBXFileReference; includeInIndex = 1; lastKnownFileType = text.xcconfig; name = "Pods-Venue Search.debug.xcconfig"; path = "Pods/Target Support Files/Pods-Venue Search/Pods-Venue Search.debug.xcconfig"; sourceTree = "<group>"; };
/* End PBXFileReference section */

/* Begin PBXFrameworksBuildPhase section */
		E5095789200C7F7400F0EBB2 /* Frameworks */ = {
			isa = PBXFrameworksBuildPhase;
			buildActionMask = 2147483647;
			files = (
				E50957A3200C811100F0EBB2 /* MapKit.framework in Frameworks */,
				5AEDDF0E87CDFDAB62A7DE20 /* Pods_Venue_Search.framework in Frameworks */,
			);
			runOnlyForDeploymentPostprocessing = 0;
		};
/* End PBXFrameworksBuildPhase section */

/* Begin PBXGroup section */
		277EC8874C6A1332142E1763 /* Pods */ = {
			isa = PBXGroup;
			children = (
				F23458951EFB67F6520BE786 /* Pods-Venue Search.debug.xcconfig */,
				46375786373A008154A6F3A2 /* Pods-Venue Search.release.xcconfig */,
			);
			name = Pods;
			sourceTree = "<group>";
		};
		E5095783200C7F7400F0EBB2 = {
			isa = PBXGroup;
			children = (
				E509578E200C7F7400F0EBB2 /* Venue Search */,
				E509578D200C7F7400F0EBB2 /* Products */,
				E50957A1200C810400F0EBB2 /* Frameworks */,
				277EC8874C6A1332142E1763 /* Pods */,
			);
			sourceTree = "<group>";
		};
		E509578D200C7F7400F0EBB2 /* Products */ = {
			isa = PBXGroup;
			children = (
				E509578C200C7F7400F0EBB2 /* Venue Search.app */,
			);
			name = Products;
			sourceTree = "<group>";
		};
		E509578E200C7F7400F0EBB2 /* Venue Search */ = {
			isa = PBXGroup;
			children = (
				E50957A7200C988200F0EBB2 /* Views */,
				E50957A6200C987600F0EBB2 /* Controllers */,
				E509578F200C7F7400F0EBB2 /* AppDelegate.swift */,
				E5095796200C7F7400F0EBB2 /* Assets.xcassets */,
				E5095798200C7F7400F0EBB2 /* LaunchScreen.storyboard */,
				E509579B200C7F7400F0EBB2 /* Info.plist */,
			);
			path = "Venue Search";
			sourceTree = "<group>";
		};
		E50957A1200C810400F0EBB2 /* Frameworks */ = {
			isa = PBXGroup;
			children = (
				E50957AB200C992C00F0EBB2 /* PureLayout.framework */,
				E50957A2200C810400F0EBB2 /* MapKit.framework */,
				F1FEECE72EF6F446C9AD0CA3 /* Pods_Venue_Search.framework */,
			);
			name = Frameworks;
			sourceTree = "<group>";
		};
		E50957A6200C987600F0EBB2 /* Controllers */ = {
			isa = PBXGroup;
			children = (
				E5095791200C7F7400F0EBB2 /* MapViewController.swift */,
				E50957AE200CA6AF00F0EBB2 /* SearchViewController.swift */,
			);
			path = Controllers;
			sourceTree = "<group>";
		};
		E50957A7200C988200F0EBB2 /* Views */ = {
			isa = PBXGroup;
			children = (
				E50957A4200C8B5700F0EBB2 /* Annotation.swift */,
				E50957B0200CB16000F0EBB2 /* VenueCell.swift */,
			);
			path = Views;
			sourceTree = "<group>";
		};
/* End PBXGroup section */

/* Begin PBXNativeTarget section */
		E509578B200C7F7400F0EBB2 /* Venue Search */ = {
			isa = PBXNativeTarget;
			buildConfigurationList = E509579E200C7F7400F0EBB2 /* Build configuration list for PBXNativeTarget "Venue Search" */;
			buildPhases = (
				ECD8611C15DDCA5B069A107B /* [CP] Check Pods Manifest.lock */,
				E5095788200C7F7400F0EBB2 /* Sources */,
				E5095789200C7F7400F0EBB2 /* Frameworks */,
				E509578A200C7F7400F0EBB2 /* Resources */,
				6D8A63CCACB6BD068723C238 /* [CP] Embed Pods Frameworks */,
				D0EB9267479468783A9BDC6E /* [CP] Copy Pods Resources */,
			);
			buildRules = (
			);
			dependencies = (
			);
			name = "Venue Search";
			productName = "Venue Search";
			productReference = E509578C200C7F7400F0EBB2 /* Venue Search.app */;
			productType = "com.apple.product-type.application";
		};
/* End PBXNativeTarget section */

/* Begin PBXProject section */
		E5095784200C7F7400F0EBB2 /* Project object */ = {
			isa = PBXProject;
			attributes = {
				LastSwiftUpdateCheck = 0900;
				LastUpgradeCheck = 0900;
				ORGANIZATIONNAME = "RA1N ENTERTAINMENT";
				TargetAttributes = {
					E509578B200C7F7400F0EBB2 = {
						CreatedOnToolsVersion = 9.0.1;
						ProvisioningStyle = Automatic;
						SystemCapabilities = {
							com.apple.Maps.iOS = {
								enabled = 1;
							};
						};
					};
				};
			};
			buildConfigurationList = E5095787200C7F7400F0EBB2 /* Build configuration list for PBXProject "Venue Search" */;
			compatibilityVersion = "Xcode 8.0";
			developmentRegion = en;
			hasScannedForEncodings = 0;
			knownRegions = (
				en,
				Base,
			);
			mainGroup = E5095783200C7F7400F0EBB2;
			productRefGroup = E509578D200C7F7400F0EBB2 /* Products */;
			projectDirPath = "";
			projectRoot = "";
			targets = (
				E509578B200C7F7400F0EBB2 /* Venue Search */,
			);
		};
/* End PBXProject section */

/* Begin PBXResourcesBuildPhase section */
		E509578A200C7F7400F0EBB2 /* Resources */ = {
			isa = PBXResourcesBuildPhase;
			buildActionMask = 2147483647;
			files = (
				E509579A200C7F7400F0EBB2 /* LaunchScreen.storyboard in Resources */,
				E5095797200C7F7400F0EBB2 /* Assets.xcassets in Resources */,
			);
			runOnlyForDeploymentPostprocessing = 0;
		};
/* End PBXResourcesBuildPhase section */

/* Begin PBXShellScriptBuildPhase section */
		6D8A63CCACB6BD068723C238 /* [CP] Embed Pods Frameworks */ = {
			isa = PBXShellScriptBuildPhase;
			buildActionMask = 2147483647;
			files = (
			);
			inputPaths = (
				"${SRCROOT}/Pods/Target Support Files/Pods-Venue Search/Pods-Venue Search-frameworks.sh",
				"${BUILT_PRODUCTS_DIR}/Alamofire/Alamofire.framework",
				"${BUILT_PRODUCTS_DIR}/SwiftyJSON/SwiftyJSON.framework",
			);
			name = "[CP] Embed Pods Frameworks";
			outputPaths = (
				"${TARGET_BUILD_DIR}/${FRAMEWORKS_FOLDER_PATH}/Alamofire.framework",
				"${TARGET_BUILD_DIR}/${FRAMEWORKS_FOLDER_PATH}/SwiftyJSON.framework",
			);
			runOnlyForDeploymentPostprocessing = 0;
			shellPath = /bin/sh;
			shellScript = "\"${SRCROOT}/Pods/Target Support Files/Pods-Venue Search/Pods-Venue Search-frameworks.sh\"\n";
			showEnvVarsInLog = 0;
		};
		D0EB9267479468783A9BDC6E /* [CP] Copy Pods Resources */ = {
			isa = PBXShellScriptBuildPhase;
			buildActionMask = 2147483647;
			files = (
			);
			inputPaths = (
			);
			name = "[CP] Copy Pods Resources";
			outputPaths = (
			);
			runOnlyForDeploymentPostprocessing = 0;
			shellPath = /bin/sh;
			shellScript = "\"${SRCROOT}/Pods/Target Support Files/Pods-Venue Search/Pods-Venue Search-resources.sh\"\n";
			showEnvVarsInLog = 0;
		};
		ECD8611C15DDCA5B069A107B /* [CP] Check Pods Manifest.lock */ = {
			isa = PBXShellScriptBuildPhase;
			buildActionMask = 2147483647;
			files = (
			);
			inputPaths = (
				"${PODS_PODFILE_DIR_PATH}/Podfile.lock",
				"${PODS_ROOT}/Manifest.lock",
			);
			name = "[CP] Check Pods Manifest.lock";
			outputPaths = (
				"$(DERIVED_FILE_DIR)/Pods-Venue Search-checkManifestLockResult.txt",
			);
			runOnlyForDeploymentPostprocessing = 0;
			shellPath = /bin/sh;
			shellScript = "diff \"${PODS_PODFILE_DIR_PATH}/Podfile.lock\" \"${PODS_ROOT}/Manifest.lock\" > /dev/null\nif [ $? != 0 ] ; then\n    # print error to STDERR\n    echo \"error: The sandbox is not in sync with the Podfile.lock. Run 'pod install' or update your CocoaPods installation.\" >&2\n    exit 1\nfi\n# This output is used by Xcode 'outputs' to avoid re-running this script phase.\necho \"SUCCESS\" > \"${SCRIPT_OUTPUT_FILE_0}\"\n";
			showEnvVarsInLog = 0;
		};
/* End PBXShellScriptBuildPhase section */

/* Begin PBXSourcesBuildPhase section */
		E5095788200C7F7400F0EBB2 /* Sources */ = {
			isa = PBXSourcesBuildPhase;
			buildActionMask = 2147483647;
			files = (
				E50957AF200CA6AF00F0EBB2 /* SearchViewController.swift in Sources */,
				E5095792200C7F7400F0EBB2 /* MapViewController.swift in Sources */,
				E50957B1200CB16000F0EBB2 /* VenueCell.swift in Sources */,
				E50957A5200C8B5700F0EBB2 /* Annotation.swift in Sources */,
				E5095790200C7F7400F0EBB2 /* AppDelegate.swift in Sources */,
			);
			runOnlyForDeploymentPostprocessing = 0;
		};
/* End PBXSourcesBuildPhase section */

/* Begin PBXVariantGroup section */
		E5095798200C7F7400F0EBB2 /* LaunchScreen.storyboard */ = {
			isa = PBXVariantGroup;
			children = (
				E5095799200C7F7400F0EBB2 /* Base */,
			);
			name = LaunchScreen.storyboard;
			sourceTree = "<group>";
		};
/* End PBXVariantGroup section */

/* Begin XCBuildConfiguration section */
		E509579C200C7F7400F0EBB2 /* Debug */ = {
			isa = XCBuildConfiguration;
			buildSettings = {
				ALWAYS_SEARCH_USER_PATHS = NO;
				CLANG_ANALYZER_NONNULL = YES;
				CLANG_ANALYZER_NUMBER_OBJECT_CONVERSION = YES_AGGRESSIVE;
				CLANG_CXX_LANGUAGE_STANDARD = "gnu++14";
				CLANG_CXX_LIBRARY = "libc++";
				CLANG_ENABLE_MODULES = YES;
				CLANG_ENABLE_OBJC_ARC = YES;
				CLANG_WARN_BLOCK_CAPTURE_AUTORELEASING = YES;
				CLANG_WARN_BOOL_CONVERSION = YES;
				CLANG_WARN_COMMA = YES;
				CLANG_WARN_CONSTANT_CONVERSION = YES;
				CLANG_WARN_DIRECT_OBJC_ISA_USAGE = YES_ERROR;
				CLANG_WARN_DOCUMENTATION_COMMENTS = YES;
				CLANG_WARN_EMPTY_BODY = YES;
				CLANG_WARN_ENUM_CONVERSION = YES;
				CLANG_WARN_INFINITE_RECURSION = YES;
				CLANG_WARN_INT_CONVERSION = YES;
				CLANG_WARN_NON_LITERAL_NULL_CONVERSION = YES;
				CLANG_WARN_OBJC_LITERAL_CONVERSION = YES;
				CLANG_WARN_OBJC_ROOT_CLASS = YES_ERROR;
				CLANG_WARN_RANGE_LOOP_ANALYSIS = YES;
				CLANG_WARN_STRICT_PROTOTYPES = YES;
				CLANG_WARN_SUSPICIOUS_MOVE = YES;
				CLANG_WARN_UNGUARDED_AVAILABILITY = YES_AGGRESSIVE;
				CLANG_WARN_UNREACHABLE_CODE = YES;
				CLANG_WARN__DUPLICATE_METHOD_MATCH = YES;
				CODE_SIGN_IDENTITY = "iPhone Developer";
				COPY_PHASE_STRIP = NO;
				DEBUG_INFORMATION_FORMAT = dwarf;
				ENABLE_STRICT_OBJC_MSGSEND = YES;
				ENABLE_TESTABILITY = YES;
				GCC_C_LANGUAGE_STANDARD = gnu11;
				GCC_DYNAMIC_NO_PIC = NO;
				GCC_NO_COMMON_BLOCKS = YES;
				GCC_OPTIMIZATION_LEVEL = 0;
				GCC_PREPROCESSOR_DEFINITIONS = (
					"DEBUG=1",
					"$(inherited)",
				);
				GCC_WARN_64_TO_32_BIT_CONVERSION = YES;
				GCC_WARN_ABOUT_RETURN_TYPE = YES_ERROR;
				GCC_WARN_UNDECLARED_SELECTOR = YES;
				GCC_WARN_UNINITIALIZED_AUTOS = YES_AGGRESSIVE;
				GCC_WARN_UNUSED_FUNCTION = YES;
				GCC_WARN_UNUSED_VARIABLE = YES;
				IPHONEOS_DEPLOYMENT_TARGET = 11.0;
				MTL_ENABLE_DEBUG_INFO = YES;
				ONLY_ACTIVE_ARCH = YES;
				SDKROOT = iphoneos;
				SWIFT_ACTIVE_COMPILATION_CONDITIONS = DEBUG;
				SWIFT_OPTIMIZATION_LEVEL = "-Onone";
			};
			name = Debug;
		};
		E509579D200C7F7400F0EBB2 /* Release */ = {
			isa = XCBuildConfiguration;
			buildSettings = {
				ALWAYS_SEARCH_USER_PATHS = NO;
				CLANG_ANALYZER_NONNULL = YES;
				CLANG_ANALYZER_NUMBER_OBJECT_CONVERSION = YES_AGGRESSIVE;
				CLANG_CXX_LANGUAGE_STANDARD = "gnu++14";
				CLANG_CXX_LIBRARY = "libc++";
				CLANG_ENABLE_MODULES = YES;
				CLANG_ENABLE_OBJC_ARC = YES;
				CLANG_WARN_BLOCK_CAPTURE_AUTORELEASING = YES;
				CLANG_WARN_BOOL_CONVERSION = YES;
				CLANG_WARN_COMMA = YES;
				CLANG_WARN_CONSTANT_CONVERSION = YES;
				CLANG_WARN_DIRECT_OBJC_ISA_USAGE = YES_ERROR;
				CLANG_WARN_DOCUMENTATION_COMMENTS = YES;
				CLANG_WARN_EMPTY_BODY = YES;
				CLANG_WARN_ENUM_CONVERSION = YES;
				CLANG_WARN_INFINITE_RECURSION = YES;
				CLANG_WARN_INT_CONVERSION = YES;
				CLANG_WARN_NON_LITERAL_NULL_CONVERSION = YES;
				CLANG_WARN_OBJC_LITERAL_CONVERSION = YES;
				CLANG_WARN_OBJC_ROOT_CLASS = YES_ERROR;
				CLANG_WARN_RANGE_LOOP_ANALYSIS = YES;
				CLANG_WARN_STRICT_PROTOTYPES = YES;
				CLANG_WARN_SUSPICIOUS_MOVE = YES;
				CLANG_WARN_UNGUARDED_AVAILABILITY = YES_AGGRESSIVE;
				CLANG_WARN_UNREACHABLE_CODE = YES;
				CLANG_WARN__DUPLICATE_METHOD_MATCH = YES;
				CODE_SIGN_IDENTITY = "iPhone Developer";
				COPY_PHASE_STRIP = NO;
				DEBUG_INFORMATION_FORMAT = "dwarf-with-dsym";
				ENABLE_NS_ASSERTIONS = NO;
				ENABLE_STRICT_OBJC_MSGSEND = YES;
				GCC_C_LANGUAGE_STANDARD = gnu11;
				GCC_NO_COMMON_BLOCKS = YES;
				GCC_WARN_64_TO_32_BIT_CONVERSION = YES;
				GCC_WARN_ABOUT_RETURN_TYPE = YES_ERROR;
				GCC_WARN_UNDECLARED_SELECTOR = YES;
				GCC_WARN_UNINITIALIZED_AUTOS = YES_AGGRESSIVE;
				GCC_WARN_UNUSED_FUNCTION = YES;
				GCC_WARN_UNUSED_VARIABLE = YES;
				IPHONEOS_DEPLOYMENT_TARGET = 11.0;
				MTL_ENABLE_DEBUG_INFO = NO;
				SDKROOT = iphoneos;
				SWIFT_OPTIMIZATION_LEVEL = "-Owholemodule";
				VALIDATE_PRODUCT = YES;
			};
			name = Release;
		};
		E509579F200C7F7400F0EBB2 /* Debug */ = {
			isa = XCBuildConfiguration;
			baseConfigurationReference = F23458951EFB67F6520BE786 /* Pods-Venue Search.debug.xcconfig */;
			buildSettings = {
				ASSETCATALOG_COMPILER_APPICON_NAME = AppIcon;
				CODE_SIGN_STYLE = Automatic;
				DEVELOPMENT_TEAM = 2D9X33F58K;
				INFOPLIST_FILE = "Venue Search/Info.plist";
				IPHONEOS_DEPLOYMENT_TARGET = 9.0;
				LD_RUNPATH_SEARCH_PATHS = "$(inherited) @executable_path/Frameworks";
				PRODUCT_BUNDLE_IDENTIFIER = "net.ra1n-entertainment.Venue-Search";
				PRODUCT_NAME = "$(TARGET_NAME)";
				SWIFT_VERSION = 4.0;
				TARGETED_DEVICE_FAMILY = "1,2";
			};
			name = Debug;
		};
		E50957A0200C7F7400F0EBB2 /* Release */ = {
			isa = XCBuildConfiguration;
			baseConfigurationReference = 46375786373A008154A6F3A2 /* Pods-Venue Search.release.xcconfig */;
			buildSettings = {
				ASSETCATALOG_COMPILER_APPICON_NAME = AppIcon;
				CODE_SIGN_STYLE = Automatic;
				DEVELOPMENT_TEAM = 2D9X33F58K;
				INFOPLIST_FILE = "Venue Search/Info.plist";
				IPHONEOS_DEPLOYMENT_TARGET = 9.0;
				LD_RUNPATH_SEARCH_PATHS = "$(inherited) @executable_path/Frameworks";
				PRODUCT_BUNDLE_IDENTIFIER = "net.ra1n-entertainment.Venue-Search";
				PRODUCT_NAME = "$(TARGET_NAME)";
				SWIFT_VERSION = 4.0;
				TARGETED_DEVICE_FAMILY = "1,2";
			};
			name = Release;
		};
/* End XCBuildConfiguration section */

/* Begin XCConfigurationList section */
		E5095787200C7F7400F0EBB2 /* Build configuration list for PBXProject "Venue Search" */ = {
			isa = XCConfigurationList;
			buildConfigurations = (
				E509579C200C7F7400F0EBB2 /* Debug */,
				E509579D200C7F7400F0EBB2 /* Release */,
			);
			defaultConfigurationIsVisible = 0;
			defaultConfigurationName = Release;
		};
		E509579E200C7F7400F0EBB2 /* Build configuration list for PBXNativeTarget "Venue Search" */ = {
			isa = XCConfigurationList;
			buildConfigurations = (
				E509579F200C7F7400F0EBB2 /* Debug */,
				E50957A0200C7F7400F0EBB2 /* Release */,
			);
			defaultConfigurationIsVisible = 0;
			defaultConfigurationName = Release;
		};
/* End XCConfigurationList section */
	};
	rootObject = E5095784200C7F7400F0EBB2 /* Project object */;
}
